{
  "object": {
    "pins": [
      {
        "package": "Genetic",
        "repositoryURL": "git@github.com:wvabrinskas/Genetic.git",
        "state": {
          "branch": null,
          "revision": "64bb3dce3d742ab09db2667c5dab446d33128283",
          "version": "1.0.5"
        }
      },
      {
        "package": "Logger",
        "repositoryURL": "https://github.com/wvabrinskas/Logger.git",
        "state": {
          "branch": null,
          "revision": "0eec8aa2278ee03954226bc1a3173038888e79b3",
          "version": "1.0.6"
        }
      },
      {
        "package": "Neuron",
        "repositoryURL": "git@github.com:wvabrinskas/Neuron.git",
        "state": {
          "branch": null,
          "revision": "28062fd278c9e6f95800928d05f7bd4ab3d967c8",
          "version": "1.3.4"
        }
      }
    ]
  },
  "version": 1
}
